
Microsoft Visual Studio Solution File, Format Version 12.00
# Visual Studio 15
VisualStudioVersion = 15.0.27703.2026
MinimumVisualStudioVersion = 10.0.40219.1
Project("{FAE04EC0-301F-11D3-BF4B-00C04F79EFBC}") = "1_Configuration", "1_Configuration\1_Configuration.csproj", "{DF5835AE-3414-4CF0-898F-B9F141520B9A}"
EndProject
Project("{FAE04EC0-301F-11D3-BF4B-00C04F79EFBC}") = "2_XmlConfiguration", "2_XmlConfiguration\2_XmlConfiguration.csproj", "{10D89623-F3A1-4CF4-978E-C8D53AC98018}"
EndProject
Project("{FAE04EC0-301F-11D3-BF4B-00C04F79EFBC}") = "3_AssemblyAttribute", "3_AssemblyAttribute\3_AssemblyAttribute.csproj", "{C1DF1C38-907C-456C-B1D5-2F3F0D04728C}"
EndProject
Project("{FAE04EC0-301F-11D3-BF4B-00C04F79EFBC}") = "4_GuiApplication", "4_GuiApplication\4_GuiApplication.csproj", "{D7E562C9-DE44-450A-868E-FDF063366078}"
EndProject
Global
	GlobalSection(SolutionConfigurationPlatforms) = preSolution
		Debug|Any CPU = Debug|Any CPU
		Release|Any CPU = Release|Any CPU
	EndGlobalSection
	GlobalSection(ProjectConfigurationPlatforms) = postSolution
		{DF5835AE-3414-4CF0-898F-B9F141520B9A}.Debug|Any CPU.ActiveCfg = Debug|Any CPU
		{DF5835AE-3414-4CF0-898F-B9F141520B9A}.Debug|Any CPU.Build.0 = Debug|Any CPU
		{DF5835AE-3414-4CF0-898F-B9F141520B9A}.Release|Any CPU.ActiveCfg = Release|Any CPU
		{DF5835AE-3414-4CF0-898F-B9F141520B9A}.Release|Any CPU.Build.0 = Release|Any CPU
		{10D89623-F3A1-4CF4-978E-C8D53AC98018}.Debug|Any CPU.ActiveCfg = Debug|Any CPU
		{10D89623-F3A1-4CF4-978E-C8D53AC98018}.Debug|Any CPU.Build.0 = Debug|Any CPU
		{10D89623-F3A1-4CF4-978E-C8D53AC98018}.Release|Any CPU.ActiveCfg = Release|Any CPU
		{10D89623-F3A1-4CF4-978E-C8D53AC98018}.Release|Any CPU.Build.0 = Release|Any CPU
		{C1DF1C38-907C-456C-B1D5-2F3F0D04728C}.Debug|Any CPU.ActiveCfg = Debug|Any CPU
		{C1DF1C38-907C-456C-B1D5-2F3F0D04728C}.Debug|Any CPU.Build.0 = Debug|Any CPU
		{C1DF1C38-907C-456C-B1D5-2F3F0D04728C}.Release|Any CPU.ActiveCfg = Release|Any CPU
		{C1DF1C38-907C-456C-B1D5-2F3F0D04728C}.Release|Any CPU.Build.0 = Release|Any CPU
		{D7E562C9-DE44-450A-868E-FDF063366078}.Debug|Any CPU.ActiveCfg = Debug|Any CPU
		{D7E562C9-DE44-450A-868E-FDF063366078}.Debug|Any CPU.Build.0 = Debug|Any CPU
		{D7E562C9-DE44-450A-868E-FDF063366078}.Release|Any CPU.ActiveCfg = Release|Any CPU
		{D7E562C9-DE44-450A-868E-FDF063366078}.Release|Any CPU.Build.0 = Release|Any CPU
	EndGlobalSection
	GlobalSection(SolutionProperties) = preSolution
		HideSolutionNode = FALSE
	EndGlobalSection
	GlobalSection(ExtensibilityGlobals) = postSolution
		SolutionGuid = {D504CC56-E1B0-4FE3-A47A-1A002B695A2E}
	EndGlobalSection
EndGlobal
